<?xml version="1.0" encoding="utf-8"?>
<Project ToolsVersion="4.0" xmlns="http://schemas.microsoft.com/developer/msbuild/2003">
  <ItemGroup>
    <Filter Include="src">
      <UniqueIdentifier>{ee0579f3-1bd5-48a2-b82f-9ec25ae3014d}</UniqueIdentifier>
    </Filter>
    <Filter Include="src\Leezel">
      <UniqueIdentifier>{69d9065e-8458-4091-a1d7-91c4b024f42b}</UniqueIdentifier>
    </Filter>
  </ItemGroup>
  <ItemGroup>
    <ClInclude Include="Application.h">
      <Filter>src\Leezel</Filter>
    </ClInclude>
    <ClInclude Include="Core.h">
      <Filter>src\Leezel</Filter>
    </ClInclude>
    <ClInclude Include="EntryPoint.h">
      <Filter>src\Leezel</Filter>
    </ClInclude>
    <ClInclude Include="Leezel.h">
      <Filter>src\Leezel</Filter>
    </ClInclude>
    <ClInclude Include="Log.h">
      <Filter>src\Leezel</Filter>
    </ClInclude>
  </ItemGroup>
  <ItemGroup>
    <ClCompile Include="Application.cpp">
      <Filter>src\Leezel</Filter>
    </ClCompile>
    <ClCompile Include="Log.cpp">
      <Filter>src\Leezel</Filter>
    </ClCompile>
  </ItemGroup>
</Project>